
Microsoft Visual Studio Solution File, Format Version 12.00
# Visual Studio Version 17
VisualStudioVersion = 17.13.35806.99 d17.13
MinimumVisualStudioVersion = 10.0.40219.1
Project("{FAE04EC0-301F-11D3-BF4B-00C04F79EFBC}") = "Progreso1_Arevalo", "Progreso1_Arevalo\Progreso1_Arevalo.csproj", "{22607959-7DD4-4D8E-A022-870488C8FA76}"
EndProject
Global
	GlobalSection(SolutionConfigurationPlatforms) = preSolution
		Debug|Any CPU = Debug|Any CPU
		Release|Any CPU = Release|Any CPU
	EndGlobalSection
	GlobalSection(ProjectConfigurationPlatforms) = postSolution
		{22607959-7DD4-4D8E-A022-870488C8FA76}.Debug|Any CPU.ActiveCfg = Debug|Any CPU
		{22607959-7DD4-4D8E-A022-870488C8FA76}.Debug|Any CPU.Build.0 = Debug|Any CPU
		{22607959-7DD4-4D8E-A022-870488C8FA76}.Release|Any CPU.ActiveCfg = Release|Any CPU
		{22607959-7DD4-4D8E-A022-870488C8FA76}.Release|Any CPU.Build.0 = Release|Any CPU
	EndGlobalSection
	GlobalSection(SolutionProperties) = preSolution
		HideSolutionNode = FALSE
	EndGlobalSection
	GlobalSection(ExtensibilityGlobals) = postSolution
		SolutionGuid = {F50D109A-0437-4C27-AEA4-3D97AB4B2E65}
	EndGlobalSection
EndGlobal
